<?xml version="1.0" encoding="utf-8"?>
<Project ToolsVersion="4.0" xmlns="http://schemas.microsoft.com/developer/msbuild/2003">
  <ItemGroup>
    <Filter Include="Source Files">
      <UniqueIdentifier>{4FC737F1-C7A5-4376-A066-2A32D752A2FF}</UniqueIdentifier>
      <Extensions>cpp;c;cc;cxx;def;odl;idl;hpj;bat;asm;asmx</Extensions>
    </Filter>
    <Filter Include="Header Files">
      <UniqueIdentifier>{93995380-89BD-4b04-88EB-625FBE52EBFB}</UniqueIdentifier>
      <Extensions>h;hpp;hxx;hm;inl;inc;xsd</Extensions>
    </Filter>
    <Filter Include="Resource Files">
      <UniqueIdentifier>{67DA6AB6-F800-4c08-8B7A-83BB121AAD01}</UniqueIdentifier>
      <Extensions>rc;ico;cur;bmp;dlg;rc2;rct;bin;rgs;gif;jpg;jpeg;jpe;resx;tiff;tif;png;wav;mfcribbon-ms</Extensions>
    </Filter>
  </ItemGroup>
  <ItemGroup>
    <ClCompile Include="Kernel.cpp">
      <Filter>Source Files</Filter>
    </ClCompile>
    <ClCompile Include="Logger.cpp">
      <Filter>Source Files</Filter>
    </ClCompile>
    <ClCompile Include="Scene.cpp">
      <Filter>Source Files</Filter>
    </ClCompile>
    <ClCompile Include="Scene_Manager.cpp">
      <Filter>Source Files</Filter>
    </ClCompile>
    <ClCompile Include="Resource_Manager.cpp">
      <Filter>Source Files</Filter>
    </ClCompile>
    <ClCompile Include="Window_Manager.cpp">
      <Filter>Source Files</Filter>
    </ClCompile>
    <ClCompile Include="Entity.cpp">
      <Filter>Source Files</Filter>
    </ClCompile>
    <ClCompile Include="Camera.cpp">
      <Filter>Source Files</Filter>
    </ClCompile>
    <ClCompile Include="InputHandler.cpp">
      <Filter>Source Files</Filter>
    </ClCompile>
    <ClCompile Include="KeyboardListener.cpp">
      <Filter>Source Files</Filter>
    </ClCompile>
    <ClCompile Include="MouseListener.cpp">
      <Filter>Source Files</Filter>
    </ClCompile>
    <ClCompile Include="TextureLoader.cpp">
      <Filter>Source Files</Filter>
    </ClCompile>
    <ClCompile Include="ModelLoader.cpp">
      <Filter>Source Files</Filter>
    </ClCompile>
    <ClCompile Include="LevelLoader.cpp">
      <Filter>Source Files</Filter>
    </ClCompile>
    <ClCompile Include="Level.cpp">
      <Filter>Source Files</Filter>
    </ClCompile>
    <ClCompile Include="Window.cpp">
      <Filter>Source Files</Filter>
    </ClCompile>
    <ClCompile Include="Renderer.cpp">
      <Filter>Source Files</Filter>
    </ClCompile>
    <ClCompile Include="VisualObject.cpp">
      <Filter>Source Files</Filter>
    </ClCompile>
    <ClCompile Include="Timer.cpp">
      <Filter>Source Files</Filter>
    </ClCompile>
    <ClCompile Include="RendererInterface.cpp">
      <Filter>Source Files</Filter>
    </ClCompile>
    <ClCompile Include="Heightmap.cpp">
      <Filter>Source Files</Filter>
    </ClCompile>
    <ClCompile Include="VertexBufferWrapper.cpp">
      <Filter>Source Files</Filter>
    </ClCompile>
    <ClCompile Include="IndexBufferWrapper.cpp">
      <Filter>Source Files</Filter>
    </ClCompile>
    <ClCompile Include="MaterialWrapper.cpp">
      <Filter>Source Files</Filter>
    </ClCompile>
    <ClCompile Include="MatrixWrapper.cpp">
      <Filter>Source Files</Filter>
    </ClCompile>
    <ClCompile Include="MeshWrapper.cpp">
      <Filter>Source Files</Filter>
    </ClCompile>
    <ClCompile Include="TextureWrapper.cpp">
      <Filter>Source Files</Filter>
    </ClCompile>
  </ItemGroup>
  <ItemGroup>
    <ClInclude Include="Logger.h">
      <Filter>Header Files</Filter>
    </ClInclude>
    <ClInclude Include="Scene.h">
      <Filter>Header Files</Filter>
    </ClInclude>
    <ClInclude Include="Scene_Manager.h">
      <Filter>Header Files</Filter>
    </ClInclude>
    <ClInclude Include="Resource_Manager.h">
      <Filter>Header Files</Filter>
    </ClInclude>
    <ClInclude Include="Window_Manager.h">
      <Filter>Header Files</Filter>
    </ClInclude>
    <ClInclude Include="Entity.h">
      <Filter>Header Files</Filter>
    </ClInclude>
    <ClInclude Include="Camera.h">
      <Filter>Header Files</Filter>
    </ClInclude>
    <ClInclude Include="InputHandler.h">
      <Filter>Header Files</Filter>
    </ClInclude>
    <ClInclude Include="KeyboardListener.h">
      <Filter>Header Files</Filter>
    </ClInclude>
    <ClInclude Include="MouseListener.h">
      <Filter>Header Files</Filter>
    </ClInclude>
    <ClInclude Include="TextureLoader.h">
      <Filter>Header Files</Filter>
    </ClInclude>
    <ClInclude Include="ModelLoader.h">
      <Filter>Header Files</Filter>
    </ClInclude>
    <ClInclude Include="LevelLoader.h">
      <Filter>Header Files</Filter>
    </ClInclude>
    <ClInclude Include="Structs.h">
      <Filter>Header Files</Filter>
    </ClInclude>
    <ClInclude Include="Level.h">
      <Filter>Header Files</Filter>
    </ClInclude>
    <ClInclude Include="Window.h">
      <Filter>Header Files</Filter>
    </ClInclude>
    <ClInclude Include="Renderer.h">
      <Filter>Header Files</Filter>
    </ClInclude>
    <ClInclude Include="VisualObject.h">
      <Filter>Header Files</Filter>
    </ClInclude>
    <ClInclude Include="Timer.h">
      <Filter>Header Files</Filter>
    </ClInclude>
    <ClInclude Include="RendererInterface.h">
      <Filter>Header Files</Filter>
    </ClInclude>
    <ClInclude Include="Heightmap.h">
      <Filter>Header Files</Filter>
    </ClInclude>
    <ClInclude Include="EngineKB01Definitions.h">
      <Filter>Header Files</Filter>
    </ClInclude>
    <ClInclude Include="IndexBufferWrapper.h">
      <Filter>Header Files</Filter>
    </ClInclude>
    <ClInclude Include="MaterialWrapper.h">
      <Filter>Header Files</Filter>
    </ClInclude>
    <ClInclude Include="MatrixWrapper.h">
      <Filter>Header Files</Filter>
    </ClInclude>
    <ClInclude Include="MeshWrapper.h">
      <Filter>Header Files</Filter>
    </ClInclude>
    <ClInclude Include="TextureWrapper.h">
      <Filter>Header Files</Filter>
    </ClInclude>
    <ClInclude Include="VertexBufferWrapper.h">
      <Filter>Header Files</Filter>
    </ClInclude>
    <ClInclude Include="Kernel.h">
      <Filter>Header Files</Filter>
    </ClInclude>
  </ItemGroup>
</Project>